
Microsoft Visual Studio Solution File, Format Version 11.00
# Visual Studio 2010
Project("{8BC9CEB8-8B4A-11D0-8D11-00A0C91BC942}") = "BmpMaker", "BmpMaker\BmpMaker.vcxproj", "{92C0439F-8287-4FAD-B729-9C1AB57EC32F}"
EndProject
Global
	GlobalSection(SolutionConfigurationPlatforms) = preSolution
		Debug|Win32 = Debug|Win32
		Release|Win32 = Release|Win32
	EndGlobalSection
	GlobalSection(ProjectConfigurationPlatforms) = postSolution
		{92C0439F-8287-4FAD-B729-9C1AB57EC32F}.Debug|Win32.ActiveCfg = Debug|Win32
		{92C0439F-8287-4FAD-B729-9C1AB57EC32F}.Debug|Win32.Build.0 = Debug|Win32
		{92C0439F-8287-4FAD-B729-9C1AB57EC32F}.Release|Win32.ActiveCfg = Release|Win32
		{92C0439F-8287-4FAD-B729-9C1AB57EC32F}.Release|Win32.Build.0 = Release|Win32
	EndGlobalSection
	GlobalSection(SolutionProperties) = preSolution
		HideSolutionNode = FALSE
	EndGlobalSection
EndGlobal
